// !$*UTF8*$!
{
	archiveVersion = 1;
	classes = {
	};
	objectVersion = 55;
	objects = {

/* Begin PBXBuildFile section */
		56761C3A2795D578000CCC41 /* H4X0R_NewsApp.swift in Sources */ = {isa = PBXBuildFile; fileRef = 56761C392795D578000CCC41 /* H4X0R_NewsApp.swift */; };
		56761C3C2795D578000CCC41 /* ContentView.swift in Sources */ = {isa = PBXBuildFile; fileRef = 56761C3B2795D578000CCC41 /* ContentView.swift */; };
		56761C3E2795D57A000CCC41 /* Assets.xcassets in Resources */ = {isa = PBXBuildFile; fileRef = 56761C3D2795D57A000CCC41 /* Assets.xcassets */; };
		56761C412795D57A000CCC41 /* Preview Assets.xcassets in Resources */ = {isa = PBXBuildFile; fileRef = 56761C402795D57A000CCC41 /* Preview Assets.xcassets */; };
		56761C4B2795D57A000CCC41 /* H4X0R_NewsTests.swift in Sources */ = {isa = PBXBuildFile; fileRef = 56761C4A2795D57A000CCC41 /* H4X0R_NewsTests.swift */; };
		56761C552795D57A000CCC41 /* H4X0R_NewsUITests.swift in Sources */ = {isa = PBXBuildFile; fileRef = 56761C542795D57A000CCC41 /* H4X0R_NewsUITests.swift */; };
		56761C572795D57A000CCC41 /* H4X0R_NewsUITestsLaunchTests.swift in Sources */ = {isa = PBXBuildFile; fileRef = 56761C562795D57A000CCC41 /* H4X0R_NewsUITestsLaunchTests.swift */; };
/* End PBXBuildFile section */

/* Begin PBXContainerItemProxy section */
		56761C472795D57A000CCC41 /* PBXContainerItemProxy */ = {
			isa = PBXContainerItemProxy;
			containerPortal = 56761C2E2795D578000CCC41 /* Project object */;
			proxyType = 1;
			remoteGlobalIDString = 56761C352795D578000CCC41;
			remoteInfo = "H4X0R News";
		};
		56761C512795D57A000CCC41 /* PBXContainerItemProxy */ = {
			isa = PBXContainerItemProxy;
			containerPortal = 56761C2E2795D578000CCC41 /* Project object */;
			proxyType = 1;
			remoteGlobalIDString = 56761C352795D578000CCC41;
			remoteInfo = "H4X0R News";
		};
/* End PBXContainerItemProxy section */

/* Begin PBXFileReference section */
		56761C362795D578000CCC41 /* H4X0R News.app */ = {isa = PBXFileReference; explicitFileType = wrapper.application; includeInIndex = 0; path = "H4X0R News.app"; sourceTree = BUILT_PRODUCTS_DIR; };
		56761C392795D578000CCC41 /* H4X0R_NewsApp.swift */ = {isa = PBXFileReference; lastKnownFileType = sourcecode.swift; path = H4X0R_NewsApp.swift; sourceTree = "<group>"; };
		56761C3B2795D578000CCC41 /* ContentView.swift */ = {isa = PBXFileReference; lastKnownFileType = sourcecode.swift; path = ContentView.swift; sourceTree = "<group>"; };
		56761C3D2795D57A000CCC41 /* Assets.xcassets */ = {isa = PBXFileReference; lastKnownFileType = folder.assetcatalog; path = Assets.xcassets; sourceTree = "<group>"; };
		56761C402795D57A000CCC41 /* Preview Assets.xcassets */ = {isa = PBXFileReference; lastKnownFileType = folder.assetcatalog; path = "Preview Assets.xcassets"; sourceTree = "<group>"; };
		56761C462795D57A000CCC41 /* H4X0R NewsTests.xctest */ = {isa = PBXFileReference; explicitFileType = wrapper.cfbundle; includeInIndex = 0; path = "H4X0R NewsTests.xctest"; sourceTree = BUILT_PRODUCTS_DIR; };
		56761C4A2795D57A000CCC41 /* H4X0R_NewsTests.swift */ = {isa = PBXFileReference; lastKnownFileType = sourcecode.swift; path = H4X0R_NewsTests.swift; sourceTree = "<group>"; };
		56761C502795D57A000CCC41 /* H4X0R NewsUITests.xctest */ = {isa = PBXFileReference; explicitFileType = wrapper.cfbundle; includeInIndex = 0; path = "H4X0R NewsUITests.xctest"; sourceTree = BUILT_PRODUCTS_DIR; };
		56761C542795D57A000CCC41 /* H4X0R_NewsUITests.swift */ = {isa = PBXFileReference; lastKnownFileType = sourcecode.swift; path = H4X0R_NewsUITests.swift; sourceTree = "<group>"; };
		56761C562795D57A000CCC41 /* H4X0R_NewsUITestsLaunchTests.swift */ = {isa = PBXFileReference; lastKnownFileType = sourcecode.swift; path = H4X0R_NewsUITestsLaunchTests.swift; sourceTree = "<group>"; };
/* End PBXFileReference section */

/* Begin PBXFrameworksBuildPhase section */
		56761C332795D578000CCC41 /* Frameworks */ = {
			isa = PBXFrameworksBuildPhase;
			buildActionMask = 2147483647;
			files = (
			);
			runOnlyForDeploymentPostprocessing = 0;
		};
		56761C432795D57A000CCC41 /* Frameworks */ = {
			isa = PBXFrameworksBuildPhase;
			buildActionMask = 2147483647;
			files = (
			);
			runOnlyForDeploymentPostprocessing = 0;
		};
		56761C4D2795D57A000CCC41 /* Frameworks */ = {
			isa = PBXFrameworksBuildPhase;
			buildActionMask = 2147483647;
			files = (
			);
			runOnlyForDeploymentPostprocessing = 0;
		};
/* End PBXFrameworksBuildPhase section */

/* Begin PBXGroup section */
		56761C2D2795D578000CCC41 = {
			isa = PBXGroup;
			children = (
				56761C382795D578000CCC41 /* H4X0R News */,
				56761C492795D57A000CCC41 /* H4X0R NewsTests */,
				56761C532795D57A000CCC41 /* H4X0R NewsUITests */,
				56761C372795D578000CCC41 /* Products */,
			);
			sourceTree = "<group>";
		};
		56761C372795D578000CCC41 /* Products */ = {
			isa = PBXGroup;
			children = (
				56761C362795D578000CCC41 /* H4X0R News.app */,
				56761C462795D57A000CCC41 /* H4X0R NewsTests.xctest */,
				56761C502795D57A000CCC41 /* H4X0R NewsUITests.xctest */,
			);
			name = Products;
			sourceTree = "<group>";
		};
		56761C382795D578000CCC41 /* H4X0R News */ = {
			isa = PBXGroup;
			children = (
				56761C392795D578000CCC41 /* H4X0R_NewsApp.swift */,
				56761C3B2795D578000CCC41 /* ContentView.swift */,
				56761C3D2795D57A000CCC41 /* Assets.xcassets */,
				56761C3F2795D57A000CCC41 /* Preview Content */,
			);
			path = "H4X0R News";
			sourceTree = "<group>";
		};
		56761C3F2795D57A000CCC41 /* Preview Content */ = {
			isa = PBXGroup;
			children = (
				56761C402795D57A000CCC41 /* Preview Assets.xcassets */,
			);
			path = "Preview Content";
			sourceTree = "<group>";
		};
		56761C492795D57A000CCC41 /* H4X0R NewsTests */ = {
			isa = PBXGroup;
			children = (
				56761C4A2795D57A000CCC41 /* H4X0R_NewsTests.swift */,
			);
			path = "H4X0R NewsTests";
			sourceTree = "<group>";
		};
		56761C532795D57A000CCC41 /* H4X0R NewsUITests */ = {
			isa = PBXGroup;
			children = (
				56761C542795D57A000CCC41 /* H4X0R_NewsUITests.swift */,
				56761C562795D57A000CCC41 /* H4X0R_NewsUITestsLaunchTests.swift */,
			);
			path = "H4X0R NewsUITests";
			sourceTree = "<group>";
		};
/* End PBXGroup section */

/* Begin PBXNativeTarget section */
		56761C352795D578000CCC41 /* H4X0R News */ = {
			isa = PBXNativeTarget;
			buildConfigurationList = 56761C5A2795D57A000CCC41 /* Build configuration list for PBXNativeTarget "H4X0R News" */;
			buildPhases = (
				56761C322795D578000CCC41 /* Sources */,
				56761C332795D578000CCC41 /* Frameworks */,
				56761C342795D578000CCC41 /* Resources */,
			);
			buildRules = (
			);
			dependencies = (
			);
			name = "H4X0R News";
			productName = "H4X0R News";
			productReference = 56761C362795D578000CCC41 /* H4X0R News.app */;
			productType = "com.apple.product-type.application";
		};
		56761C452795D57A000CCC41 /* H4X0R NewsTests */ = {
			isa = PBXNativeTarget;
			buildConfigurationList = 56761C5D2795D57A000CCC41 /* Build configuration list for PBXNativeTarget "H4X0R NewsTests" */;
			buildPhases = (
				56761C422795D57A000CCC41 /* Sources */,
				56761C432795D57A000CCC41 /* Frameworks */,
				56761C442795D57A000CCC41 /* Resources */,
			);
			buildRules = (
			);
			dependencies = (
				56761C482795D57A000CCC41 /* PBXTargetDependency */,
			);
			name = "H4X0R NewsTests";
			productName = "H4X0R NewsTests";
			productReference = 56761C462795D57A000CCC41 /* H4X0R NewsTests.xctest */;
			productType = "com.apple.product-type.bundle.unit-test";
		};
		56761C4F2795D57A000CCC41 /* H4X0R NewsUITests */ = {
			isa = PBXNativeTarget;
			buildConfigurationList = 56761C602795D57A000CCC41 /* Build configuration list for PBXNativeTarget "H4X0R NewsUITests" */;
			buildPhases = (
				56761C4C2795D57A000CCC41 /* Sources */,
				56761C4D2795D57A000CCC41 /* Frameworks */,
				56761C4E2795D57A000CCC41 /* Resources */,
			);
			buildRules = (
			);
			dependencies = (
				56761C522795D57A000CCC41 /* PBXTargetDependency */,
			);
			name = "H4X0R NewsUITests";
			productName = "H4X0R NewsUITests";
			productReference = 56761C502795D57A000CCC41 /* H4X0R NewsUITests.xctest */;
			productType = "com.apple.product-type.bundle.ui-testing";
		};
/* End PBXNativeTarget section */

/* Begin PBXProject section */
		56761C2E2795D578000CCC41 /* Project object */ = {
			isa = PBXProject;
			attributes = {
				BuildIndependentTargetsInParallel = 1;
				LastSwiftUpdateCheck = 1300;
				LastUpgradeCheck = 1300;
				TargetAttributes = {
					56761C352795D578000CCC41 = {
						CreatedOnToolsVersion = 13.0;
					};
					56761C452795D57A000CCC41 = {
						CreatedOnToolsVersion = 13.0;
						TestTargetID = 56761C352795D578000CCC41;
					};
					56761C4F2795D57A000CCC41 = {
						CreatedOnToolsVersion = 13.0;
						TestTargetID = 56761C352795D578000CCC41;
					};
				};
			};
			buildConfigurationList = 56761C312795D578000CCC41 /* Build configuration list for PBXProject "H4X0R News" */;
			compatibilityVersion = "Xcode 13.0";
			developmentRegion = en;
			hasScannedForEncodings = 0;
			knownRegions = (
				en,
				Base,
			);
			mainGroup = 56761C2D2795D578000CCC41;
			productRefGroup = 56761C372795D578000CCC41 /* Products */;
			projectDirPath = "";
			projectRoot = "";
			targets = (
				56761C352795D578000CCC41 /* H4X0R News */,
				56761C452795D57A000CCC41 /* H4X0R NewsTests */,
				56761C4F2795D57A000CCC41 /* H4X0R NewsUITests */,
			);
		};
/* End PBXProject section */

/* Begin PBXResourcesBuildPhase section */
		56761C342795D578000CCC41 /* Resources */ = {
			isa = PBXResourcesBuildPhase;
			buildActionMask = 2147483647;
			files = (
				56761C412795D57A000CCC41 /* Preview Assets.xcassets in Resources */,
				56761C3E2795D57A000CCC41 /* Assets.xcassets in Resources */,
			);
			runOnlyForDeploymentPostprocessing = 0;
		};
		56761C442795D57A000CCC41 /* Resources */ = {
			isa = PBXResourcesBuildPhase;
			buildActionMask = 2147483647;
			files = (
			);
			runOnlyForDeploymentPostprocessing = 0;
		};
		56761C4E2795D57A000CCC41 /* Resources */ = {
			isa = PBXResourcesBuildPhase;
			buildActionMask = 2147483647;
			files = (
			);
			runOnlyForDeploymentPostprocessing = 0;
		};
/* End PBXResourcesBuildPhase section */

/* Begin PBXSourcesBuildPhase section */
		56761C322795D578000CCC41 /* Sources */ = {
			isa = PBXSourcesBuildPhase;
			buildActionMask = 2147483647;
			files = (
				56761C3C2795D578000CCC41 /* ContentView.swift in Sources */,
				56761C3A2795D578000CCC41 /* H4X0R_NewsApp.swift in Sources */,
			);
			runOnlyForDeploymentPostprocessing = 0;
		};
		56761C422795D57A000CCC41 /* Sources */ = {
			isa = PBXSourcesBuildPhase;
			buildActionMask = 2147483647;
			files = (
				56761C4B2795D57A000CCC41 /* H4X0R_NewsTests.swift in Sources */,
			);
			runOnlyForDeploymentPostprocessing = 0;
		};
		56761C4C2795D57A000CCC41 /* Sources */ = {
			isa = PBXSourcesBuildPhase;
			buildActionMask = 2147483647;
			files = (
				56761C572795D57A000CCC41 /* H4X0R_NewsUITestsLaunchTests.swift in Sources */,
				56761C552795D57A000CCC41 /* H4X0R_NewsUITests.swift in Sources */,
			);
			runOnlyForDeploymentPostprocessing = 0;
		};
/* End PBXSourcesBuildPhase section */

/* Begin PBXTargetDependency section */
		56761C482795D57A000CCC41 /* PBXTargetDependency */ = {
			isa = PBXTargetDependency;
			target = 56761C352795D578000CCC41 /* H4X0R News */;
			targetProxy = 56761C472795D57A000CCC41 /* PBXContainerItemProxy */;
		};
		56761C522795D57A000CCC41 /* PBXTargetDependency */ = {
			isa = PBXTargetDependency;
			target = 56761C352795D578000CCC41 /* H4X0R News */;
			targetProxy = 56761C512795D57A000CCC41 /* PBXContainerItemProxy */;
		};
/* End PBXTargetDependency section */

/* Begin XCBuildConfiguration section */
		56761C582795D57A000CCC41 /* Debug */ = {
			isa = XCBuildConfiguration;
			buildSettings = {
				ALWAYS_SEARCH_USER_PATHS = NO;
				CLANG_ANALYZER_NONNULL = YES;
				CLANG_ANALYZER_NUMBER_OBJECT_CONVERSION = YES_AGGRESSIVE;
				CLANG_CXX_LANGUAGE_STANDARD = "gnu++17";
				CLANG_CXX_LIBRARY = "libc++";
				CLANG_ENABLE_MODULES = YES;
				CLANG_ENABLE_OBJC_ARC = YES;
				CLANG_ENABLE_OBJC_WEAK = YES;
				CLANG_WARN_BLOCK_CAPTURE_AUTORELEASING = YES;
				CLANG_WARN_BOOL_CONVERSION = YES;
				CLANG_WARN_COMMA = YES;
				CLANG_WARN_CONSTANT_CONVERSION = YES;
				CLANG_WARN_DEPRECATED_OBJC_IMPLEMENTATIONS = YES;
				CLANG_WARN_DIRECT_OBJC_ISA_USAGE = YES_ERROR;
				CLANG_WARN_DOCUMENTATION_COMMENTS = YES;
				CLANG_WARN_EMPTY_BODY = YES;
				CLANG_WARN_ENUM_CONVERSION = YES;
				CLANG_WARN_INFINITE_RECURSION = YES;
				CLANG_WARN_INT_CONVERSION = YES;
				CLANG_WARN_NON_LITERAL_NULL_CONVERSION = YES;
				CLANG_WARN_OBJC_IMPLICIT_RETAIN_SELF = YES;
				CLANG_WARN_OBJC_LITERAL_CONVERSION = YES;
				CLANG_WARN_OBJC_ROOT_CLASS = YES_ERROR;
				CLANG_WARN_QUOTED_INCLUDE_IN_FRAMEWORK_HEADER = YES;
				CLANG_WARN_RANGE_LOOP_ANALYSIS = YES;
				CLANG_WARN_STRICT_PROTOTYPES = YES;
				CLANG_WARN_SUSPICIOUS_MOVE = YES;
				CLANG_WARN_UNGUARDED_AVAILABILITY = YES_AGGRESSIVE;
				CLANG_WARN_UNREACHABLE_CODE = YES;
				CLANG_WARN__DUPLICATE_METHOD_MATCH = YES;
				COPY_PHASE_STRIP = NO;
				DEBUG_INFORMATION_FORMAT = dwarf;
				ENABLE_STRICT_OBJC_MSGSEND = YES;
				ENABLE_TESTABILITY = YES;
				GCC_C_LANGUAGE_STANDARD = gnu11;
				GCC_DYNAMIC_NO_PIC = NO;
				GCC_NO_COMMON_BLOCKS = YES;
				GCC_OPTIMIZATION_LEVEL = 0;
				GCC_PREPROCESSOR_DEFINITIONS = (
					"DEBUG=1",
					"$(inherited)",
				);
				GCC_WARN_64_TO_32_BIT_CONVERSION = YES;
				GCC_WARN_ABOUT_RETURN_TYPE = YES_ERROR;
				GCC_WARN_UNDECLARED_SELECTOR = YES;
				GCC_WARN_UNINITIALIZED_AUTOS = YES_AGGRESSIVE;
				GCC_WARN_UNUSED_FUNCTION = YES;
				GCC_WARN_UNUSED_VARIABLE = YES;
				IPHONEOS_DEPLOYMENT_TARGET = 15.0;
				MTL_ENABLE_DEBUG_INFO = INCLUDE_SOURCE;
				MTL_FAST_MATH = YES;
				ONLY_ACTIVE_ARCH = YES;
				SDKROOT = iphoneos;
				SWIFT_ACTIVE_COMPILATION_CONDITIONS = DEBUG;
				SWIFT_OPTIMIZATION_LEVEL = "-Onone";
			};
			name = Debug;
		};
		56761C592795D57A000CCC41 /* Release */ = {
			isa = XCBuildConfiguration;
			buildSettings = {
				ALWAYS_SEARCH_USER_PATHS = NO;
				CLANG_ANALYZER_NONNULL = YES;
				CLANG_ANALYZER_NUMBER_OBJECT_CONVERSION = YES_AGGRESSIVE;
				CLANG_CXX_LANGUAGE_STANDARD = "gnu++17";
				CLANG_CXX_LIBRARY = "libc++";
				CLANG_ENABLE_MODULES = YES;
				CLANG_ENABLE_OBJC_ARC = YES;
				CLANG_ENABLE_OBJC_WEAK = YES;
				CLANG_WARN_BLOCK_CAPTURE_AUTORELEASING = YES;
				CLANG_WARN_BOOL_CONVERSION = YES;
				CLANG_WARN_COMMA = YES;
				CLANG_WARN_CONSTANT_CONVERSION = YES;
				CLANG_WARN_DEPRECATED_OBJC_IMPLEMENTATIONS = YES;
				CLANG_WARN_DIRECT_OBJC_ISA_USAGE = YES_ERROR;
				CLANG_WARN_DOCUMENTATION_COMMENTS = YES;
				CLANG_WARN_EMPTY_BODY = YES;
				CLANG_WARN_ENUM_CONVERSION = YES;
				CLANG_WARN_INFINITE_RECURSION = YES;
				CLANG_WARN_INT_CONVERSION = YES;
				CLANG_WARN_NON_LITERAL_NULL_CONVERSION = YES;
				CLANG_WARN_OBJC_IMPLICIT_RETAIN_SELF = YES;
				CLANG_WARN_OBJC_LITERAL_CONVERSION = YES;
				CLANG_WARN_OBJC_ROOT_CLASS = YES_ERROR;
				CLANG_WARN_QUOTED_INCLUDE_IN_FRAMEWORK_HEADER = YES;
				CLANG_WARN_RANGE_LOOP_ANALYSIS = YES;
				CLANG_WARN_STRICT_PROTOTYPES = YES;
				CLANG_WARN_SUSPICIOUS_MOVE = YES;
				CLANG_WARN_UNGUARDED_AVAILABILITY = YES_AGGRESSIVE;
				CLANG_WARN_UNREACHABLE_CODE = YES;
				CLANG_WARN__DUPLICATE_METHOD_MATCH = YES;
				COPY_PHASE_STRIP = NO;
				DEBUG_INFORMATION_FORMAT = "dwarf-with-dsym";
				ENABLE_NS_ASSERTIONS = NO;
				ENABLE_STRICT_OBJC_MSGSEND = YES;
				GCC_C_LANGUAGE_STANDARD = gnu11;
				GCC_NO_COMMON_BLOCKS = YES;
				GCC_WARN_64_TO_32_BIT_CONVERSION = YES;
				GCC_WARN_ABOUT_RETURN_TYPE = YES_ERROR;
				GCC_WARN_UNDECLARED_SELECTOR = YES;
				GCC_WARN_UNINITIALIZED_AUTOS = YES_AGGRESSIVE;
				GCC_WARN_UNUSED_FUNCTION = YES;
				GCC_WARN_UNUSED_VARIABLE = YES;
				IPHONEOS_DEPLOYMENT_TARGET = 15.0;
				MTL_ENABLE_DEBUG_INFO = NO;
				MTL_FAST_MATH = YES;
				SDKROOT = iphoneos;
				SWIFT_COMPILATION_MODE = wholemodule;
				SWIFT_OPTIMIZATION_LEVEL = "-O";
				VALIDATE_PRODUCT = YES;
			};
			name = Release;
		};
		56761C5B2795D57A000CCC41 /* Debug */ = {
			isa = XCBuildConfiguration;
			buildSettings = {
				ASSETCATALOG_COMPILER_APPICON_NAME = AppIcon;
				ASSETCATALOG_COMPILER_GLOBAL_ACCENT_COLOR_NAME = AccentColor;
				CODE_SIGN_STYLE = Automatic;
				CURRENT_PROJECT_VERSION = 1;
				DEVELOPMENT_ASSET_PATHS = "\"H4X0R News/Preview Content\"";
				DEVELOPMENT_TEAM = V4UQ45XQ2L;
				ENABLE_PREVIEWS = YES;
				GENERATE_INFOPLIST_FILE = YES;
				INFOPLIST_KEY_UIApplicationSceneManifest_Generation = YES;
				INFOPLIST_KEY_UIApplicationSupportsIndirectInputEvents = YES;
				INFOPLIST_KEY_UILaunchScreen_Generation = YES;
				INFOPLIST_KEY_UISupportedInterfaceOrientations_iPad = "UIInterfaceOrientationPortrait UIInterfaceOrientationPortraitUpsideDown UIInterfaceOrientationLandscapeLeft UIInterfaceOrientationLandscapeRight";
				INFOPLIST_KEY_UISupportedInterfaceOrientations_iPhone = "UIInterfaceOrientationPortrait UIInterfaceOrientationLandscapeLeft UIInterfaceOrientationLandscapeRight";
				IPHONEOS_DEPLOYMENT_TARGET = 14.0;
				LD_RUNPATH_SEARCH_PATHS = (
					"$(inherited)",
					"@executable_path/Frameworks",
				);
				MARKETING_VERSION = 1.0;
				PRODUCT_BUNDLE_IDENTIFIER = "com.ChrisBuys.H4X0R-News";
				PRODUCT_NAME = "$(TARGET_NAME)";
				SWIFT_EMIT_LOC_STRINGS = YES;
				SWIFT_VERSION = 5.0;
				TARGETED_DEVICE_FAMILY = "1,2";
			};
			name = Debug;
		};
		56761C5C2795D57A000CCC41 /* Release */ = {
			isa = XCBuildConfiguration;
			buildSettings = {
				ASSETCATALOG_COMPILER_APPICON_NAME = AppIcon;
				ASSETCATALOG_COMPILER_GLOBAL_ACCENT_COLOR_NAME = AccentColor;
				CODE_SIGN_STYLE = Automatic;
				CURRENT_PROJECT_VERSION = 1;
				DEVELOPMENT_ASSET_PATHS = "\"H4X0R News/Preview Content\"";
				DEVELOPMENT_TEAM = V4UQ45XQ2L;
				ENABLE_PREVIEWS = YES;
				GENERATE_INFOPLIST_FILE = YES;
				INFOPLIST_KEY_UIApplicationSceneManifest_Generation = YES;
				INFOPLIST_KEY_UIApplicationSupportsIndirectInputEvents = YES;
				INFOPLIST_KEY_UILaunchScreen_Generation = YES;
				INFOPLIST_KEY_UISupportedInterfaceOrientations_iPad = "UIInterfaceOrientationPortrait UIInterfaceOrientationPortraitUpsideDown UIInterfaceOrientationLandscapeLeft UIInterfaceOrientationLandscapeRight";
				INFOPLIST_KEY_UISupportedInterfaceOrientations_iPhone = "UIInterfaceOrientationPortrait UIInterfaceOrientationLandscapeLeft UIInterfaceOrientationLandscapeRight";
				IPHONEOS_DEPLOYMENT_TARGET = 14.0;
				LD_RUNPATH_SEARCH_PATHS = (
					"$(inherited)",
					"@executable_path/Frameworks",
				);
				MARKETING_VERSION = 1.0;
				PRODUCT_BUNDLE_IDENTIFIER = "com.ChrisBuys.H4X0R-News";
				PRODUCT_NAME = "$(TARGET_NAME)";
				SWIFT_EMIT_LOC_STRINGS = YES;
				SWIFT_VERSION = 5.0;
				TARGETED_DEVICE_FAMILY = "1,2";
			};
			name = Release;
		};
		56761C5E2795D57A000CCC41 /* Debug */ = {
			isa = XCBuildConfiguration;
			buildSettings = {
				ALWAYS_EMBED_SWIFT_STANDARD_LIBRARIES = YES;
				BUNDLE_LOADER = "$(TEST_HOST)";
				CODE_SIGN_STYLE = Automatic;
				CURRENT_PROJECT_VERSION = 1;
				DEVELOPMENT_TEAM = V4UQ45XQ2L;
				GENERATE_INFOPLIST_FILE = YES;
				IPHONEOS_DEPLOYMENT_TARGET = 14.0;
				LD_RUNPATH_SEARCH_PATHS = (
					"$(inherited)",
					"@executable_path/Frameworks",
					"@loader_path/Frameworks",
				);
				MARKETING_VERSION = 1.0;
				PRODUCT_BUNDLE_IDENTIFIER = "com.ChrisBuys.H4X0R-NewsTests";
				PRODUCT_NAME = "$(TARGET_NAME)";
				SWIFT_EMIT_LOC_STRINGS = NO;
				SWIFT_VERSION = 5.0;
				TARGETED_DEVICE_FAMILY = "1,2";
				TEST_HOST = "$(BUILT_PRODUCTS_DIR)/H4X0R News.app/H4X0R News";
			};
			name = Debug;
		};
		56761C5F2795D57A000CCC41 /* Release */ = {
			isa = XCBuildConfiguration;
			buildSettings = {
				ALWAYS_EMBED_SWIFT_STANDARD_LIBRARIES = YES;
				BUNDLE_LOADER = "$(TEST_HOST)";
				CODE_SIGN_STYLE = Automatic;
				CURRENT_PROJECT_VERSION = 1;
				DEVELOPMENT_TEAM = V4UQ45XQ2L;
				GENERATE_INFOPLIST_FILE = YES;
				IPHONEOS_DEPLOYMENT_TARGET = 14.0;
				LD_RUNPATH_SEARCH_PATHS = (
					"$(inherited)",
					"@executable_path/Frameworks",
					"@loader_path/Frameworks",
				);
				MARKETING_VERSION = 1.0;
				PRODUCT_BUNDLE_IDENTIFIER = "com.ChrisBuys.H4X0R-NewsTests";
				PRODUCT_NAME = "$(TARGET_NAME)";
				SWIFT_EMIT_LOC_STRINGS = NO;
				SWIFT_VERSION = 5.0;
				TARGETED_DEVICE_FAMILY = "1,2";
				TEST_HOST = "$(BUILT_PRODUCTS_DIR)/H4X0R News.app/H4X0R News";
			};
			name = Release;
		};
		56761C612795D57A000CCC41 /* Debug */ = {
			isa = XCBuildConfiguration;
			buildSettings = {
				ALWAYS_EMBED_SWIFT_STANDARD_LIBRARIES = YES;
				CODE_SIGN_STYLE = Automatic;
				CURRENT_PROJECT_VERSION = 1;
				DEVELOPMENT_TEAM = V4UQ45XQ2L;
				GENERATE_INFOPLIST_FILE = YES;
				LD_RUNPATH_SEARCH_PATHS = (
					"$(inherited)",
					"@executable_path/Frameworks",
					"@loader_path/Frameworks",
				);
				MARKETING_VERSION = 1.0;
				PRODUCT_BUNDLE_IDENTIFIER = "com.ChrisBuys.H4X0R-NewsUITests";
				PRODUCT_NAME = "$(TARGET_NAME)";
				SWIFT_EMIT_LOC_STRINGS = NO;
				SWIFT_VERSION = 5.0;
				TARGETED_DEVICE_FAMILY = "1,2";
				TEST_TARGET_NAME = "H4X0R News";
			};
			name = Debug;
		};
		56761C622795D57A000CCC41 /* Release */ = {
			isa = XCBuildConfiguration;
			buildSettings = {
				ALWAYS_EMBED_SWIFT_STANDARD_LIBRARIES = YES;
				CODE_SIGN_STYLE = Automatic;
				CURRENT_PROJECT_VERSION = 1;
				DEVELOPMENT_TEAM = V4UQ45XQ2L;
				GENERATE_INFOPLIST_FILE = YES;
				LD_RUNPATH_SEARCH_PATHS = (
					"$(inherited)",
					"@executable_path/Frameworks",
					"@loader_path/Frameworks",
				);
				MARKETING_VERSION = 1.0;
				PRODUCT_BUNDLE_IDENTIFIER = "com.ChrisBuys.H4X0R-NewsUITests";
				PRODUCT_NAME = "$(TARGET_NAME)";
				SWIFT_EMIT_LOC_STRINGS = NO;
				SWIFT_VERSION = 5.0;
				TARGETED_DEVICE_FAMILY = "1,2";
				TEST_TARGET_NAME = "H4X0R News";
			};
			name = Release;
		};
/* End XCBuildConfiguration section */

/* Begin XCConfigurationList section */
		56761C312795D578000CCC41 /* Build configuration list for PBXProject "H4X0R News" */ = {
			isa = XCConfigurationList;
			buildConfigurations = (
				56761C582795D57A000CCC41 /* Debug */,
				56761C592795D57A000CCC41 /* Release */,
			);
			defaultConfigurationIsVisible = 0;
			defaultConfigurationName = Release;
		};
		56761C5A2795D57A000CCC41 /* Build configuration list for PBXNativeTarget "H4X0R News" */ = {
			isa = XCConfigurationList;
			buildConfigurations = (
				56761C5B2795D57A000CCC41 /* Debug */,
				56761C5C2795D57A000CCC41 /* Release */,
			);
			defaultConfigurationIsVisible = 0;
			defaultConfigurationName = Release;
		};
		56761C5D2795D57A000CCC41 /* Build configuration list for PBXNativeTarget "H4X0R NewsTests" */ = {
			isa = XCConfigurationList;
			buildConfigurations = (
				56761C5E2795D57A000CCC41 /* Debug */,
				56761C5F2795D57A000CCC41 /* Release */,
			);
			defaultConfigurationIsVisible = 0;
			defaultConfigurationName = Release;
		};
		56761C602795D57A000CCC41 /* Build configuration list for PBXNativeTarget "H4X0R NewsUITests" */ = {
			isa = XCConfigurationList;
			buildConfigurations = (
				56761C612795D57A000CCC41 /* Debug */,
				56761C622795D57A000CCC41 /* Release */,
			);
			defaultConfigurationIsVisible = 0;
			defaultConfigurationName = Release;
		};
/* End XCConfigurationList section */
	};
	rootObject = 56761C2E2795D578000CCC41 /* Project object */;
}
